
Microsoft Visual Studio Solution File, Format Version 12.00
# Visual Studio Version 16
VisualStudioVersion = 16.0.29613.14
MinimumVisualStudioVersion = 10.0.40219.1
Project("{FAE04EC0-301F-11D3-BF4B-00C04F79EFBC}") = "EsercizioEsame3", "EsercizioEsame3\EsercizioEsame3.csproj", "{225BA70D-4084-4F6B-B5C5-7997E3BAD80C}"
EndProject
Global
	GlobalSection(SolutionConfigurationPlatforms) = preSolution
		Debug|Any CPU = Debug|Any CPU
		Release|Any CPU = Release|Any CPU
	EndGlobalSection
	GlobalSection(ProjectConfigurationPlatforms) = postSolution
		{225BA70D-4084-4F6B-B5C5-7997E3BAD80C}.Debug|Any CPU.ActiveCfg = Debug|Any CPU
		{225BA70D-4084-4F6B-B5C5-7997E3BAD80C}.Debug|Any CPU.Build.0 = Debug|Any CPU
		{225BA70D-4084-4F6B-B5C5-7997E3BAD80C}.Release|Any CPU.ActiveCfg = Release|Any CPU
		{225BA70D-4084-4F6B-B5C5-7997E3BAD80C}.Release|Any CPU.Build.0 = Release|Any CPU
	EndGlobalSection
	GlobalSection(SolutionProperties) = preSolution
		HideSolutionNode = FALSE
	EndGlobalSection
	GlobalSection(ExtensibilityGlobals) = postSolution
		SolutionGuid = {FE5A8C66-F40B-4A94-AD52-A5ED8A308064}
	EndGlobalSection
EndGlobal
